PODS:
  - Alamofire (4.7.3)
  - OAuthSwift (1.2.0)

DEPENDENCIES:
  - Alamofire (~> 4.7)
  - OAuthSwift (~> 1.2.0)

SPEC REPOS:
  https://github.com/cocoapods/specs.git:
    - Alamofire
    - OAuthSwift

SPEC CHECKSUMS:
  Alamofire: c7287b6e5d7da964a70935e5db17046b7fde6568
  OAuthSwift: 7fd6855b8e4d58eb5a30d156ea9bed7a8aecd1ca

PODFILE CHECKSUM: 96cef4d48e63907ef062fd291af1a6f6b956c8de

COCOAPODS: 1.5.2
